// !$*UTF8*$!
{
	archiveVersion = 1;
	classes = {
	};
	objectVersion = 56;
	objects = {

/* Begin PBXBuildFile section */
		26A6957058F1ABA2FAAF109A /* Pods_prototypeappTests.framework in Frameworks */ = {isa = PBXBuildFile; fileRef = BE33F759948AEEEA48C1382A /* Pods_prototypeappTests.framework */; };
		7D3F919629BFC0A5005FCA56 /* APIClient.swift in Sources */ = {isa = PBXBuildFile; fileRef = 7D3F919529BFC0A5005FCA56 /* APIClient.swift */; };
		7D3F919929BFC181005FCA56 /* APIConstants.swift in Sources */ = {isa = PBXBuildFile; fileRef = 7D3F919829BFC181005FCA56 /* APIConstants.swift */; };
		7D3F919B29BFC1D7005FCA56 /* LogInModel.swift in Sources */ = {isa = PBXBuildFile; fileRef = 7D3F919A29BFC1D7005FCA56 /* LogInModel.swift */; };
		7D3F91A029BFC546005FCA56 /* TokenModel.swift in Sources */ = {isa = PBXBuildFile; fileRef = 7D3F919F29BFC546005FCA56 /* TokenModel.swift */; };
		7D3F91A329C0C59F005FCA56 /* LaunchScreen.storyboard in Resources */ = {isa = PBXBuildFile; fileRef = 7D3F91A229C0C59F005FCA56 /* LaunchScreen.storyboard */; };
		7D3F91A729C10A01005FCA56 /* SplashScreen.swift in Sources */ = {isa = PBXBuildFile; fileRef = 7D3F91A629C10A01005FCA56 /* SplashScreen.swift */; };
		7D3F91A929C10A1B005FCA56 /* SplashView.swift in Sources */ = {isa = PBXBuildFile; fileRef = 7D3F91A829C10A1B005FCA56 /* SplashView.swift */; };
		7D3F91AB29C10A55005FCA56 /* SplashViewModel.swift in Sources */ = {isa = PBXBuildFile; fileRef = 7D3F91AA29C10A55005FCA56 /* SplashViewModel.swift */; };
		7D3F91BD29C73849005FCA56 /* DashboardView.swift in Sources */ = {isa = PBXBuildFile; fileRef = 7D3F91BC29C73849005FCA56 /* DashboardView.swift */; };
		7D3F91C029C73A2E005FCA56 /* BaseViewModel.swift in Sources */ = {isa = PBXBuildFile; fileRef = 7D3F91BF29C73A2E005FCA56 /* BaseViewModel.swift */; };
		7D3F91C229C73BB4005FCA56 /* BaseView.swift in Sources */ = {isa = PBXBuildFile; fileRef = 7D3F91C129C73BB4005FCA56 /* BaseView.swift */; };
		7D3F91C429C74449005FCA56 /* TypeView.swift in Sources */ = {isa = PBXBuildFile; fileRef = 7D3F91C329C74449005FCA56 /* TypeView.swift */; };
		7D3F91C729C74954005FCA56 /* CurrentUser.swift in Sources */ = {isa = PBXBuildFile; fileRef = 7D3F91C629C74954005FCA56 /* CurrentUser.swift */; };
		7D60CAC929642BAF00CE38A3 /* prototypeappApp.swift in Sources */ = {isa = PBXBuildFile; fileRef = 7D60CAC829642BAF00CE38A3 /* prototypeappApp.swift */; };
		7D60CACB29642BAF00CE38A3 /* ContentView.swift in Sources */ = {isa = PBXBuildFile; fileRef = 7D60CACA29642BAF00CE38A3 /* ContentView.swift */; };
		7D60CADA29642BB000CE38A3 /* prototypeappTests.swift in Sources */ = {isa = PBXBuildFile; fileRef = 7D60CAD929642BB000CE38A3 /* prototypeappTests.swift */; };
		7D60CAE429642BB000CE38A3 /* prototypeappUITests.swift in Sources */ = {isa = PBXBuildFile; fileRef = 7D60CAE329642BB000CE38A3 /* prototypeappUITests.swift */; };
		7D60CAE629642BB000CE38A3 /* prototypeappUITestsLaunchTests.swift in Sources */ = {isa = PBXBuildFile; fileRef = 7D60CAE529642BB000CE38A3 /* prototypeappUITestsLaunchTests.swift */; };
		7D60CAF329642FB100CE38A3 /* GoogleService-Info.plist in Resources */ = {isa = PBXBuildFile; fileRef = 7D60CAF229642FB100CE38A3 /* GoogleService-Info.plist */; };
		7DE5898B29D6A3BA0075ECC7 /* IncercareDeSters.swift in Sources */ = {isa = PBXBuildFile; fileRef = 7DE5898A29D6A3BA0075ECC7 /* IncercareDeSters.swift */; };
		84E7A0DDEC1462E83A63F209 /* Pods_prototypeapp.framework in Frameworks */ = {isa = PBXBuildFile; fileRef = A82139888FCD58778479F36A /* Pods_prototypeapp.framework */; };
		CABBB35D8A4437BA3884F181 /* Pods_prototypeapp_prototypeappUITests.framework in Frameworks */ = {isa = PBXBuildFile; fileRef = B914F88DC8E370126FCA9691 /* Pods_prototypeapp_prototypeappUITests.framework */; };
		F553867929DCC273006EC47A /* Assets.xcassets in Resources */ = {isa = PBXBuildFile; fileRef = F553867829DCC273006EC47A /* Assets.xcassets */; };
		F553867C29DCC596006EC47A /* Font.swift in Sources */ = {isa = PBXBuildFile; fileRef = F553867B29DCC596006EC47A /* Font.swift */; };
		F55386AD29DCCF32006EC47A /* CardTextViewModifier.swift in Sources */ = {isa = PBXBuildFile; fileRef = F55386AC29DCCF32006EC47A /* CardTextViewModifier.swift */; };
		F55386AE29DCCF32006EC47A /* CardTextViewModifier.swift in Sources */ = {isa = PBXBuildFile; fileRef = F55386AC29DCCF32006EC47A /* CardTextViewModifier.swift */; };
		F55386AF29DCCF32006EC47A /* CardTextViewModifier.swift in Sources */ = {isa = PBXBuildFile; fileRef = F55386AC29DCCF32006EC47A /* CardTextViewModifier.swift */; };
		F55386B729DCD9C6006EC47A /* Fasthand-Regular.ttf in Resources */ = {isa = PBXBuildFile; fileRef = F55386B629DCD9C6006EC47A /* Fasthand-Regular.ttf */; };
		F55386B929DCDC17006EC47A /* Times New Romance.ttf in Resources */ = {isa = PBXBuildFile; fileRef = F55386B829DCDC16006EC47A /* Times New Romance.ttf */; };
/* End PBXBuildFile section */

/* Begin PBXContainerItemProxy section */
		7D60CAD629642BB000CE38A3 /* PBXContainerItemProxy */ = {
			isa = PBXContainerItemProxy;
			containerPortal = 7D60CABD29642BAF00CE38A3 /* Project object */;
			proxyType = 1;
			remoteGlobalIDString = 7D60CAC429642BAF00CE38A3;
			remoteInfo = prototypeapp;
		};
		7D60CAE029642BB000CE38A3 /* PBXContainerItemProxy */ = {
			isa = PBXContainerItemProxy;
			containerPortal = 7D60CABD29642BAF00CE38A3 /* Project object */;
			proxyType = 1;
			remoteGlobalIDString = 7D60CAC429642BAF00CE38A3;
			remoteInfo = prototypeapp;
		};
/* End PBXContainerItemProxy section */

/* Begin PBXFileReference section */
		0CF4E9F498499D5F7B5BB970 /* Pods-prototypeapp.release.xcconfig */ = {isa = PBXFileReference; includeInIndex = 1; lastKnownFileType = text.xcconfig; name = "Pods-prototypeapp.release.xcconfig"; path = "Target Support Files/Pods-prototypeapp/Pods-prototypeapp.release.xcconfig"; sourceTree = "<group>"; };
		1BC9EADD2CC90B567844FE39 /* Pods-prototypeapp.debug.xcconfig */ = {isa = PBXFileReference; includeInIndex = 1; lastKnownFileType = text.xcconfig; name = "Pods-prototypeapp.debug.xcconfig"; path = "Target Support Files/Pods-prototypeapp/Pods-prototypeapp.debug.xcconfig"; sourceTree = "<group>"; };
		724286F624A848C83E010EAF /* Pods-prototypeappTests.debug.xcconfig */ = {isa = PBXFileReference; includeInIndex = 1; lastKnownFileType = text.xcconfig; name = "Pods-prototypeappTests.debug.xcconfig"; path = "Target Support Files/Pods-prototypeappTests/Pods-prototypeappTests.debug.xcconfig"; sourceTree = "<group>"; };
		7D3F919529BFC0A5005FCA56 /* APIClient.swift */ = {isa = PBXFileReference; lastKnownFileType = sourcecode.swift; path = APIClient.swift; sourceTree = "<group>"; };
		7D3F919829BFC181005FCA56 /* APIConstants.swift */ = {isa = PBXFileReference; lastKnownFileType = sourcecode.swift; path = APIConstants.swift; sourceTree = "<group>"; };
		7D3F919A29BFC1D7005FCA56 /* LogInModel.swift */ = {isa = PBXFileReference; lastKnownFileType = sourcecode.swift; path = LogInModel.swift; sourceTree = "<group>"; };
		7D3F919F29BFC546005FCA56 /* TokenModel.swift */ = {isa = PBXFileReference; lastKnownFileType = sourcecode.swift; path = TokenModel.swift; sourceTree = "<group>"; };
		7D3F91A229C0C59F005FCA56 /* LaunchScreen.storyboard */ = {isa = PBXFileReference; lastKnownFileType = file.storyboard; path = LaunchScreen.storyboard; sourceTree = "<group>"; };
		7D3F91A629C10A01005FCA56 /* SplashScreen.swift */ = {isa = PBXFileReference; lastKnownFileType = sourcecode.swift; path = SplashScreen.swift; sourceTree = "<group>"; };
		7D3F91A829C10A1B005FCA56 /* SplashView.swift */ = {isa = PBXFileReference; lastKnownFileType = sourcecode.swift; path = SplashView.swift; sourceTree = "<group>"; };
		7D3F91AA29C10A55005FCA56 /* SplashViewModel.swift */ = {isa = PBXFileReference; lastKnownFileType = sourcecode.swift; path = SplashViewModel.swift; sourceTree = "<group>"; };
		7D3F91BC29C73849005FCA56 /* DashboardView.swift */ = {isa = PBXFileReference; lastKnownFileType = sourcecode.swift; path = DashboardView.swift; sourceTree = "<group>"; };
		7D3F91BF29C73A2E005FCA56 /* BaseViewModel.swift */ = {isa = PBXFileReference; lastKnownFileType = sourcecode.swift; path = BaseViewModel.swift; sourceTree = "<group>"; };
		7D3F91C129C73BB4005FCA56 /* BaseView.swift */ = {isa = PBXFileReference; lastKnownFileType = sourcecode.swift; path = BaseView.swift; sourceTree = "<group>"; };
		7D3F91C329C74449005FCA56 /* TypeView.swift */ = {isa = PBXFileReference; lastKnownFileType = sourcecode.swift; path = TypeView.swift; sourceTree = "<group>"; };
		7D3F91C629C74954005FCA56 /* CurrentUser.swift */ = {isa = PBXFileReference; lastKnownFileType = sourcecode.swift; path = CurrentUser.swift; sourceTree = "<group>"; };
		7D60CAC529642BAF00CE38A3 /* prototypeapp.app */ = {isa = PBXFileReference; explicitFileType = wrapper.application; includeInIndex = 0; path = prototypeapp.app; sourceTree = BUILT_PRODUCTS_DIR; };
		7D60CAC829642BAF00CE38A3 /* prototypeappApp.swift */ = {isa = PBXFileReference; lastKnownFileType = sourcecode.swift; path = prototypeappApp.swift; sourceTree = "<group>"; };
		7D60CACA29642BAF00CE38A3 /* ContentView.swift */ = {isa = PBXFileReference; lastKnownFileType = sourcecode.swift; path = ContentView.swift; sourceTree = "<group>"; };
		7D60CAD529642BB000CE38A3 /* prototypeappTests.xctest */ = {isa = PBXFileReference; explicitFileType = wrapper.cfbundle; includeInIndex = 0; path = prototypeappTests.xctest; sourceTree = BUILT_PRODUCTS_DIR; };
		7D60CAD929642BB000CE38A3 /* prototypeappTests.swift */ = {isa = PBXFileReference; lastKnownFileType = sourcecode.swift; path = prototypeappTests.swift; sourceTree = "<group>"; };
		7D60CADF29642BB000CE38A3 /* prototypeappUITests.xctest */ = {isa = PBXFileReference; explicitFileType = wrapper.cfbundle; includeInIndex = 0; path = prototypeappUITests.xctest; sourceTree = BUILT_PRODUCTS_DIR; };
		7D60CAE329642BB000CE38A3 /* prototypeappUITests.swift */ = {isa = PBXFileReference; lastKnownFileType = sourcecode.swift; path = prototypeappUITests.swift; sourceTree = "<group>"; };
		7D60CAE529642BB000CE38A3 /* prototypeappUITestsLaunchTests.swift */ = {isa = PBXFileReference; lastKnownFileType = sourcecode.swift; path = prototypeappUITestsLaunchTests.swift; sourceTree = "<group>"; };
		7D60CAF229642FB100CE38A3 /* GoogleService-Info.plist */ = {isa = PBXFileReference; fileEncoding = 4; lastKnownFileType = text.plist.xml; path = "GoogleService-Info.plist"; sourceTree = "<group>"; };
		7DE5898A29D6A3BA0075ECC7 /* IncercareDeSters.swift */ = {isa = PBXFileReference; lastKnownFileType = sourcecode.swift; path = IncercareDeSters.swift; sourceTree = "<group>"; };
		954C024F2BB4AE85F5C05709 /* Pods-prototypeappTests.release.xcconfig */ = {isa = PBXFileReference; includeInIndex = 1; lastKnownFileType = text.xcconfig; name = "Pods-prototypeappTests.release.xcconfig"; path = "Target Support Files/Pods-prototypeappTests/Pods-prototypeappTests.release.xcconfig"; sourceTree = "<group>"; };
		95F382B0B898AD4A4790F613 /* Pods-prototypeapp-prototypeappUITests.debug.xcconfig */ = {isa = PBXFileReference; includeInIndex = 1; lastKnownFileType = text.xcconfig; name = "Pods-prototypeapp-prototypeappUITests.debug.xcconfig"; path = "Target Support Files/Pods-prototypeapp-prototypeappUITests/Pods-prototypeapp-prototypeappUITests.debug.xcconfig"; sourceTree = "<group>"; };
		9A2D54A6E7790ED99C77C9D4 /* Pods-prototypeapp-prototypeappUITests.release.xcconfig */ = {isa = PBXFileReference; includeInIndex = 1; lastKnownFileType = text.xcconfig; name = "Pods-prototypeapp-prototypeappUITests.release.xcconfig"; path = "Target Support Files/Pods-prototypeapp-prototypeappUITests/Pods-prototypeapp-prototypeappUITests.release.xcconfig"; sourceTree = "<group>"; };
		A82139888FCD58778479F36A /* Pods_prototypeapp.framework */ = {isa = PBXFileReference; explicitFileType = wrapper.framework; includeInIndex = 0; path = Pods_prototypeapp.framework; sourceTree = BUILT_PRODUCTS_DIR; };
		B914F88DC8E370126FCA9691 /* Pods_prototypeapp_prototypeappUITests.framework */ = {isa = PBXFileReference; explicitFileType = wrapper.framework; includeInIndex = 0; path = Pods_prototypeapp_prototypeappUITests.framework; sourceTree = BUILT_PRODUCTS_DIR; };
		BE33F759948AEEEA48C1382A /* Pods_prototypeappTests.framework */ = {isa = PBXFileReference; explicitFileType = wrapper.framework; includeInIndex = 0; path = Pods_prototypeappTests.framework; sourceTree = BUILT_PRODUCTS_DIR; };
		F553867829DCC273006EC47A /* Assets.xcassets */ = {isa = PBXFileReference; lastKnownFileType = folder.assetcatalog; name = Assets.xcassets; path = "../../../../../.Trash/prototyApp-iOSv/prototypeapp/prototypeapp/Assets.xcassets"; sourceTree = "<group>"; };
		F553867B29DCC596006EC47A /* Font.swift */ = {isa = PBXFileReference; lastKnownFileType = sourcecode.swift; path = Font.swift; sourceTree = "<group>"; };
		F55386AC29DCCF32006EC47A /* CardTextViewModifier.swift */ = {isa = PBXFileReference; lastKnownFileType = sourcecode.swift; path = CardTextViewModifier.swift; sourceTree = "<group>"; };
		F55386B629DCD9C6006EC47A /* Fasthand-Regular.ttf */ = {isa = PBXFileReference; lastKnownFileType = file; path = "Fasthand-Regular.ttf"; sourceTree = "<group>"; };
		F55386B829DCDC16006EC47A /* Times New Romance.ttf */ = {isa = PBXFileReference; lastKnownFileType = file; name = "Times New Romance.ttf"; path = "../../../../../Downloads/times_new_romance2/Times New Romance.ttf"; sourceTree = "<group>"; };
/* End PBXFileReference section */

/* Begin PBXFrameworksBuildPhase section */
		7D60CAC229642BAF00CE38A3 /* Frameworks */ = {
			isa = PBXFrameworksBuildPhase;
			buildActionMask = 2147483647;
			files = (
				84E7A0DDEC1462E83A63F209 /* Pods_prototypeapp.framework in Frameworks */,
			);
			runOnlyForDeploymentPostprocessing = 0;
		};
		7D60CAD229642BB000CE38A3 /* Frameworks */ = {
			isa = PBXFrameworksBuildPhase;
			buildActionMask = 2147483647;
			files = (
				26A6957058F1ABA2FAAF109A /* Pods_prototypeappTests.framework in Frameworks */,
			);
			runOnlyForDeploymentPostprocessing = 0;
		};
		7D60CADC29642BB000CE38A3 /* Frameworks */ = {
			isa = PBXFrameworksBuildPhase;
			buildActionMask = 2147483647;
			files = (
				CABBB35D8A4437BA3884F181 /* Pods_prototypeapp_prototypeappUITests.framework in Frameworks */,
			);
			runOnlyForDeploymentPostprocessing = 0;
		};
/* End PBXFrameworksBuildPhase section */

/* Begin PBXGroup section */
		2750ACA4CB48CB460EB417DC /* Pods */ = {
			isa = PBXGroup;
			children = (
				1BC9EADD2CC90B567844FE39 /* Pods-prototypeapp.debug.xcconfig */,
				0CF4E9F498499D5F7B5BB970 /* Pods-prototypeapp.release.xcconfig */,
				95F382B0B898AD4A4790F613 /* Pods-prototypeapp-prototypeappUITests.debug.xcconfig */,
				9A2D54A6E7790ED99C77C9D4 /* Pods-prototypeapp-prototypeappUITests.release.xcconfig */,
				724286F624A848C83E010EAF /* Pods-prototypeappTests.debug.xcconfig */,
				954C024F2BB4AE85F5C05709 /* Pods-prototypeappTests.release.xcconfig */,
			);
			path = Pods;
			sourceTree = "<group>";
		};
		7D3F919329BFC05A005FCA56 /* Services */ = {
			isa = PBXGroup;
			children = (
				7D3F919429BFC06A005FCA56 /* API */,
			);
			path = Services;
			sourceTree = "<group>";
		};
		7D3F919429BFC06A005FCA56 /* API */ = {
			isa = PBXGroup;
			children = (
				7D3F919729BFC0E4005FCA56 /* Models */,
				7D3F919529BFC0A5005FCA56 /* APIClient.swift */,
				7D3F919829BFC181005FCA56 /* APIConstants.swift */,
			);
			path = API;
			sourceTree = "<group>";
		};
		7D3F919729BFC0E4005FCA56 /* Models */ = {
			isa = PBXGroup;
			children = (
				7D3F919A29BFC1D7005FCA56 /* LogInModel.swift */,
				7D3F919F29BFC546005FCA56 /* TokenModel.swift */,
			);
			path = Models;
			sourceTree = "<group>";
		};
		7D3F91A129C0C55C005FCA56 /* SplashStoryboards */ = {
			isa = PBXGroup;
			children = (
				7D3F91A229C0C59F005FCA56 /* LaunchScreen.storyboard */,
			);
			path = SplashStoryboards;
			sourceTree = "<group>";
		};
		7D3F91A429C0DB04005FCA56 /* UI */ = {
			isa = PBXGroup;
			children = (
				F55386AB29DCCF14006EC47A /* ViewModifiers */,
				7D3F91BE29C73A11005FCA56 /* Base */,
				7D3F91BB29C73825005FCA56 /* Dashboard */,
				7D3F91A529C0DB0C005FCA56 /* Splash */,
			);
			path = UI;
			sourceTree = "<group>";
		};
		7D3F91A529C0DB0C005FCA56 /* Splash */ = {
			isa = PBXGroup;
			children = (
				7D3F91A629C10A01005FCA56 /* SplashScreen.swift */,
				7D3F91A829C10A1B005FCA56 /* SplashView.swift */,
				7D3F91AA29C10A55005FCA56 /* SplashViewModel.swift */,
				7D3F91C329C74449005FCA56 /* TypeView.swift */,
			);
			path = Splash;
			sourceTree = "<group>";
		};
		7D3F91BB29C73825005FCA56 /* Dashboard */ = {
			isa = PBXGroup;
			children = (
				7D3F91BC29C73849005FCA56 /* DashboardView.swift */,
			);
			path = Dashboard;
			sourceTree = "<group>";
		};
		7D3F91BE29C73A11005FCA56 /* Base */ = {
			isa = PBXGroup;
			children = (
				7D3F91BF29C73A2E005FCA56 /* BaseViewModel.swift */,
				7D3F91C129C73BB4005FCA56 /* BaseView.swift */,
			);
			path = Base;
			sourceTree = "<group>";
		};
		7D3F91C529C748FE005FCA56 /* Utils */ = {
			isa = PBXGroup;
			children = (
				7D3F91C629C74954005FCA56 /* CurrentUser.swift */,
			);
			path = Utils;
			sourceTree = "<group>";
		};
		7D60CABC29642BAF00CE38A3 = {
			isa = PBXGroup;
			children = (
				7D60CAC729642BAF00CE38A3 /* prototypeapp */,
				7D60CAD829642BB000CE38A3 /* prototypeappTests */,
				7D60CAE229642BB000CE38A3 /* prototypeappUITests */,
				7D60CAC629642BAF00CE38A3 /* Products */,
				2750ACA4CB48CB460EB417DC /* Pods */,
				8011F8531D5CACAB6614CD7A /* Frameworks */,
			);
			sourceTree = "<group>";
		};
		7D60CAC629642BAF00CE38A3 /* Products */ = {
			isa = PBXGroup;
			children = (
				7D60CAC529642BAF00CE38A3 /* prototypeapp.app */,
				7D60CAD529642BB000CE38A3 /* prototypeappTests.xctest */,
				7D60CADF29642BB000CE38A3 /* prototypeappUITests.xctest */,
			);
			name = Products;
			sourceTree = "<group>";
		};
		7D60CAC729642BAF00CE38A3 /* prototypeapp */ = {
			isa = PBXGroup;
			children = (
				F553867D29DCC9DB006EC47A /* Fonts */,
				F553867A29DCC56C006EC47A /* Extension */,
				7D3F91C529C748FE005FCA56 /* Utils */,
				7D3F91A429C0DB04005FCA56 /* UI */,
				7D3F91A129C0C55C005FCA56 /* SplashStoryboards */,
				7D3F919329BFC05A005FCA56 /* Services */,
				7D60CAC829642BAF00CE38A3 /* prototypeappApp.swift */,
				7D60CACA29642BAF00CE38A3 /* ContentView.swift */,
				7D60CACE29642BB000CE38A3 /* Content */,
				7DE5898A29D6A3BA0075ECC7 /* IncercareDeSters.swift */,
			);
			path = prototypeapp;
			sourceTree = "<group>";
		};
		7D60CACE29642BB000CE38A3 /* Content */ = {
			isa = PBXGroup;
			children = (
				F553867829DCC273006EC47A /* Assets.xcassets */,
				7D60CAF229642FB100CE38A3 /* GoogleService-Info.plist */,
			);
			path = Content;
			sourceTree = "<group>";
		};
		7D60CAD829642BB000CE38A3 /* prototypeappTests */ = {
			isa = PBXGroup;
			children = (
				7D60CAD929642BB000CE38A3 /* prototypeappTests.swift */,
			);
			path = prototypeappTests;
			sourceTree = "<group>";
		};
		7D60CAE229642BB000CE38A3 /* prototypeappUITests */ = {
			isa = PBXGroup;
			children = (
				7D60CAE329642BB000CE38A3 /* prototypeappUITests.swift */,
				7D60CAE529642BB000CE38A3 /* prototypeappUITestsLaunchTests.swift */,
			);
			path = prototypeappUITests;
			sourceTree = "<group>";
		};
		8011F8531D5CACAB6614CD7A /* Frameworks */ = {
			isa = PBXGroup;
			children = (
				A82139888FCD58778479F36A /* Pods_prototypeapp.framework */,
				B914F88DC8E370126FCA9691 /* Pods_prototypeapp_prototypeappUITests.framework */,
				BE33F759948AEEEA48C1382A /* Pods_prototypeappTests.framework */,
			);
			name = Frameworks;
			sourceTree = "<group>";
		};
		F553867A29DCC56C006EC47A /* Extension */ = {
			isa = PBXGroup;
			children = (
				F553867B29DCC596006EC47A /* Font.swift */,
			);
			path = Extension;
			sourceTree = "<group>";
		};
		F553867D29DCC9DB006EC47A /* Fonts */ = {
			isa = PBXGroup;
			children = (
				F55386B829DCDC16006EC47A /* Times New Romance.ttf */,
				F55386B629DCD9C6006EC47A /* Fasthand-Regular.ttf */,
			);
			path = Fonts;
			sourceTree = "<group>";
		};
		F55386AB29DCCF14006EC47A /* ViewModifiers */ = {
			isa = PBXGroup;
			children = (
				F55386AC29DCCF32006EC47A /* CardTextViewModifier.swift */,
			);
			path = ViewModifiers;
			sourceTree = "<group>";
		};
/* End PBXGroup section */

/* Begin PBXNativeTarget section */
		7D60CAC429642BAF00CE38A3 /* prototypeapp */ = {
			isa = PBXNativeTarget;
			buildConfigurationList = 7D60CAE929642BB000CE38A3 /* Build configuration list for PBXNativeTarget "prototypeapp" */;
			buildPhases = (
				95E84E557D43BFF8313FD956 /* [CP] Check Pods Manifest.lock */,
				7D60CAC129642BAF00CE38A3 /* Sources */,
				7D60CAC229642BAF00CE38A3 /* Frameworks */,
				7D60CAC329642BAF00CE38A3 /* Resources */,
				CB7D7846493F599F7FA21EC8 /* [CP] Embed Pods Frameworks */,
			);
			buildRules = (
			);
			dependencies = (
			);
			name = prototypeapp;
			productName = prototypeapp;
			productReference = 7D60CAC529642BAF00CE38A3 /* prototypeapp.app */;
			productType = "com.apple.product-type.application";
		};
		7D60CAD429642BB000CE38A3 /* prototypeappTests */ = {
			isa = PBXNativeTarget;
			buildConfigurationList = 7D60CAEC29642BB000CE38A3 /* Build configuration list for PBXNativeTarget "prototypeappTests" */;
			buildPhases = (
				121385863049EABD94E7D047 /* [CP] Check Pods Manifest.lock */,
				7D60CAD129642BB000CE38A3 /* Sources */,
				7D60CAD229642BB000CE38A3 /* Frameworks */,
				7D60CAD329642BB000CE38A3 /* Resources */,
			);
			buildRules = (
			);
			dependencies = (
				7D60CAD729642BB000CE38A3 /* PBXTargetDependency */,
			);
			name = prototypeappTests;
			productName = prototypeappTests;
			productReference = 7D60CAD529642BB000CE38A3 /* prototypeappTests.xctest */;
			productType = "com.apple.product-type.bundle.unit-test";
		};
		7D60CADE29642BB000CE38A3 /* prototypeappUITests */ = {
			isa = PBXNativeTarget;
			buildConfigurationList = 7D60CAEF29642BB000CE38A3 /* Build configuration list for PBXNativeTarget "prototypeappUITests" */;
			buildPhases = (
				21F52219BE1B2D83B281886C /* [CP] Check Pods Manifest.lock */,
				7D60CADB29642BB000CE38A3 /* Sources */,
				7D60CADC29642BB000CE38A3 /* Frameworks */,
				7D60CADD29642BB000CE38A3 /* Resources */,
				51E39BAAAD5C06C41AE18F60 /* [CP] Embed Pods Frameworks */,
			);
			buildRules = (
			);
			dependencies = (
				7D60CAE129642BB000CE38A3 /* PBXTargetDependency */,
			);
			name = prototypeappUITests;
			productName = prototypeappUITests;
			productReference = 7D60CADF29642BB000CE38A3 /* prototypeappUITests.xctest */;
			productType = "com.apple.product-type.bundle.ui-testing";
		};
/* End PBXNativeTarget section */

/* Begin PBXProject section */
		7D60CABD29642BAF00CE38A3 /* Project object */ = {
			isa = PBXProject;
			attributes = {
				BuildIndependentTargetsInParallel = 1;
				LastSwiftUpdateCheck = 1420;
				LastUpgradeCheck = 1420;
				TargetAttributes = {
					7D60CAC429642BAF00CE38A3 = {
						CreatedOnToolsVersion = 14.2;
					};
					7D60CAD429642BB000CE38A3 = {
						CreatedOnToolsVersion = 14.2;
						TestTargetID = 7D60CAC429642BAF00CE38A3;
					};
					7D60CADE29642BB000CE38A3 = {
						CreatedOnToolsVersion = 14.2;
						TestTargetID = 7D60CAC429642BAF00CE38A3;
					};
				};
			};
			buildConfigurationList = 7D60CAC029642BAF00CE38A3 /* Build configuration list for PBXProject "prototypeapp" */;
			compatibilityVersion = "Xcode 14.0";
			developmentRegion = en;
			hasScannedForEncodings = 0;
			knownRegions = (
				en,
				Base,
			);
			mainGroup = 7D60CABC29642BAF00CE38A3;
			productRefGroup = 7D60CAC629642BAF00CE38A3 /* Products */;
			projectDirPath = "";
			projectRoot = "";
			targets = (
				7D60CAC429642BAF00CE38A3 /* prototypeapp */,
				7D60CAD429642BB000CE38A3 /* prototypeappTests */,
				7D60CADE29642BB000CE38A3 /* prototypeappUITests */,
			);
		};
/* End PBXProject section */

/* Begin PBXResourcesBuildPhase section */
		7D60CAC329642BAF00CE38A3 /* Resources */ = {
			isa = PBXResourcesBuildPhase;
			buildActionMask = 2147483647;
			files = (
				F55386B729DCD9C6006EC47A /* Fasthand-Regular.ttf in Resources */,
				F55386B929DCDC17006EC47A /* Times New Romance.ttf in Resources */,
				7D3F91A329C0C59F005FCA56 /* LaunchScreen.storyboard in Resources */,
				F553867929DCC273006EC47A /* Assets.xcassets in Resources */,
				7D60CAF329642FB100CE38A3 /* GoogleService-Info.plist in Resources */,
			);
			runOnlyForDeploymentPostprocessing = 0;
		};
		7D60CAD329642BB000CE38A3 /* Resources */ = {
			isa = PBXResourcesBuildPhase;
			buildActionMask = 2147483647;
			files = (
			);
			runOnlyForDeploymentPostprocessing = 0;
		};
		7D60CADD29642BB000CE38A3 /* Resources */ = {
			isa = PBXResourcesBuildPhase;
			buildActionMask = 2147483647;
			files = (
			);
			runOnlyForDeploymentPostprocessing = 0;
		};
/* End PBXResourcesBuildPhase section */

/* Begin PBXShellScriptBuildPhase section */
		121385863049EABD94E7D047 /* [CP] Check Pods Manifest.lock */ = {
			isa = PBXShellScriptBuildPhase;
			buildActionMask = 2147483647;
			files = (
			);
			inputFileListPaths = (
			);
			inputPaths = (
				"${PODS_PODFILE_DIR_PATH}/Podfile.lock",
				"${PODS_ROOT}/Manifest.lock",
			);
			name = "[CP] Check Pods Manifest.lock";
			outputFileListPaths = (
			);
			outputPaths = (
				"$(DERIVED_FILE_DIR)/Pods-prototypeappTests-checkManifestLockResult.txt",
			);
			runOnlyForDeploymentPostprocessing = 0;
			shellPath = /bin/sh;
			shellScript = "diff \"${PODS_PODFILE_DIR_PATH}/Podfile.lock\" \"${PODS_ROOT}/Manifest.lock\" > /dev/null\nif [ $? != 0 ] ; then\n    # print error to STDERR\n    echo \"error: The sandbox is not in sync with the Podfile.lock. Run 'pod install' or update your CocoaPods installation.\" >&2\n    exit 1\nfi\n# This output is used by Xcode 'outputs' to avoid re-running this script phase.\necho \"SUCCESS\" > \"${SCRIPT_OUTPUT_FILE_0}\"\n";
			showEnvVarsInLog = 0;
		};
		21F52219BE1B2D83B281886C /* [CP] Check Pods Manifest.lock */ = {
			isa = PBXShellScriptBuildPhase;
			buildActionMask = 2147483647;
			files = (
			);
			inputFileListPaths = (
			);
			inputPaths = (
				"${PODS_PODFILE_DIR_PATH}/Podfile.lock",
				"${PODS_ROOT}/Manifest.lock",
			);
			name = "[CP] Check Pods Manifest.lock";
			outputFileListPaths = (
			);
			outputPaths = (
				"$(DERIVED_FILE_DIR)/Pods-prototypeapp-prototypeappUITests-checkManifestLockResult.txt",
			);
			runOnlyForDeploymentPostprocessing = 0;
			shellPath = /bin/sh;
			shellScript = "diff \"${PODS_PODFILE_DIR_PATH}/Podfile.lock\" \"${PODS_ROOT}/Manifest.lock\" > /dev/null\nif [ $? != 0 ] ; then\n    # print error to STDERR\n    echo \"error: The sandbox is not in sync with the Podfile.lock. Run 'pod install' or update your CocoaPods installation.\" >&2\n    exit 1\nfi\n# This output is used by Xcode 'outputs' to avoid re-running this script phase.\necho \"SUCCESS\" > \"${SCRIPT_OUTPUT_FILE_0}\"\n";
			showEnvVarsInLog = 0;
		};
		51E39BAAAD5C06C41AE18F60 /* [CP] Embed Pods Frameworks */ = {
			isa = PBXShellScriptBuildPhase;
			buildActionMask = 2147483647;
			files = (
			);
			inputFileListPaths = (
				"${PODS_ROOT}/Target Support Files/Pods-prototypeapp-prototypeappUITests/Pods-prototypeapp-prototypeappUITests-frameworks-${CONFIGURATION}-input-files.xcfilelist",
			);
			name = "[CP] Embed Pods Frameworks";
			outputFileListPaths = (
				"${PODS_ROOT}/Target Support Files/Pods-prototypeapp-prototypeappUITests/Pods-prototypeapp-prototypeappUITests-frameworks-${CONFIGURATION}-output-files.xcfilelist",
			);
			runOnlyForDeploymentPostprocessing = 0;
			shellPath = /bin/sh;
			shellScript = "\"${PODS_ROOT}/Target Support Files/Pods-prototypeapp-prototypeappUITests/Pods-prototypeapp-prototypeappUITests-frameworks.sh\"\n";
			showEnvVarsInLog = 0;
		};
		95E84E557D43BFF8313FD956 /* [CP] Check Pods Manifest.lock */ = {
			isa = PBXShellScriptBuildPhase;
			buildActionMask = 2147483647;
			files = (
			);
			inputFileListPaths = (
			);
			inputPaths = (
				"${PODS_PODFILE_DIR_PATH}/Podfile.lock",
				"${PODS_ROOT}/Manifest.lock",
			);
			name = "[CP] Check Pods Manifest.lock";
			outputFileListPaths = (
			);
			outputPaths = (
				"$(DERIVED_FILE_DIR)/Pods-prototypeapp-checkManifestLockResult.txt",
			);
			runOnlyForDeploymentPostprocessing = 0;
			shellPath = /bin/sh;
			shellScript = "diff \"${PODS_PODFILE_DIR_PATH}/Podfile.lock\" \"${PODS_ROOT}/Manifest.lock\" > /dev/null\nif [ $? != 0 ] ; then\n    # print error to STDERR\n    echo \"error: The sandbox is not in sync with the Podfile.lock. Run 'pod install' or update your CocoaPods installation.\" >&2\n    exit 1\nfi\n# This output is used by Xcode 'outputs' to avoid re-running this script phase.\necho \"SUCCESS\" > \"${SCRIPT_OUTPUT_FILE_0}\"\n";
			showEnvVarsInLog = 0;
		};
		CB7D7846493F599F7FA21EC8 /* [CP] Embed Pods Frameworks */ = {
			isa = PBXShellScriptBuildPhase;
			buildActionMask = 2147483647;
			files = (
			);
			inputFileListPaths = (
				"${PODS_ROOT}/Target Support Files/Pods-prototypeapp/Pods-prototypeapp-frameworks-${CONFIGURATION}-input-files.xcfilelist",
			);
			name = "[CP] Embed Pods Frameworks";
			outputFileListPaths = (
				"${PODS_ROOT}/Target Support Files/Pods-prototypeapp/Pods-prototypeapp-frameworks-${CONFIGURATION}-output-files.xcfilelist",
			);
			runOnlyForDeploymentPostprocessing = 0;
			shellPath = /bin/sh;
			shellScript = "\"${PODS_ROOT}/Target Support Files/Pods-prototypeapp/Pods-prototypeapp-frameworks.sh\"\n";
			showEnvVarsInLog = 0;
		};
/* End PBXShellScriptBuildPhase section */

/* Begin PBXSourcesBuildPhase section */
		7D60CAC129642BAF00CE38A3 /* Sources */ = {
			isa = PBXSourcesBuildPhase;
			buildActionMask = 2147483647;
			files = (
				7D3F91A029BFC546005FCA56 /* TokenModel.swift in Sources */,
				7D3F91C029C73A2E005FCA56 /* BaseViewModel.swift in Sources */,
				7D3F919929BFC181005FCA56 /* APIConstants.swift in Sources */,
				7D3F91C229C73BB4005FCA56 /* BaseView.swift in Sources */,
				7D3F91A729C10A01005FCA56 /* SplashScreen.swift in Sources */,
				7D3F91AB29C10A55005FCA56 /* SplashViewModel.swift in Sources */,
				7D3F919B29BFC1D7005FCA56 /* LogInModel.swift in Sources */,
				7D3F91C429C74449005FCA56 /* TypeView.swift in Sources */,
				7D60CACB29642BAF00CE38A3 /* ContentView.swift in Sources */,
				7D60CAC929642BAF00CE38A3 /* prototypeappApp.swift in Sources */,
				7D3F91BD29C73849005FCA56 /* DashboardView.swift in Sources */,
				7DE5898B29D6A3BA0075ECC7 /* IncercareDeSters.swift in Sources */,
				F55386AD29DCCF32006EC47A /* CardTextViewModifier.swift in Sources */,
				F553867C29DCC596006EC47A /* Font.swift in Sources */,
				7D3F919629BFC0A5005FCA56 /* APIClient.swift in Sources */,
				7D3F91C729C74954005FCA56 /* CurrentUser.swift in Sources */,
				7D3F91A929C10A1B005FCA56 /* SplashView.swift in Sources */,
			);
			runOnlyForDeploymentPostprocessing = 0;
		};
		7D60CAD129642BB000CE38A3 /* Sources */ = {
			isa = PBXSourcesBuildPhase;
			buildActionMask = 2147483647;
			files = (
				7D60CADA29642BB000CE38A3 /* prototypeappTests.swift in Sources */,
				F55386AE29DCCF32006EC47A /* CardTextViewModifier.swift in Sources */,
			);
			runOnlyForDeploymentPostprocessing = 0;
		};
		7D60CADB29642BB000CE38A3 /* Sources */ = {
			isa = PBXSourcesBuildPhase;
			buildActionMask = 2147483647;
			files = (
				7D60CAE429642BB000CE38A3 /* prototypeappUITests.swift in Sources */,
				7D60CAE629642BB000CE38A3 /* prototypeappUITestsLaunchTests.swift in Sources */,
				F55386AF29DCCF32006EC47A /* CardTextViewModifier.swift in Sources */,
			);
			runOnlyForDeploymentPostprocessing = 0;
		};
/* End PBXSourcesBuildPhase section */

/* Begin PBXTargetDependency section */
		7D60CAD729642BB000CE38A3 /* PBXTargetDependency */ = {
			isa = PBXTargetDependency;
			target = 7D60CAC429642BAF00CE38A3 /* prototypeapp */;
			targetProxy = 7D60CAD629642BB000CE38A3 /* PBXContainerItemProxy */;
		};
		7D60CAE129642BB000CE38A3 /* PBXTargetDependency */ = {
			isa = PBXTargetDependency;
			target = 7D60CAC429642BAF00CE38A3 /* prototypeapp */;
			targetProxy = 7D60CAE029642BB000CE38A3 /* PBXContainerItemProxy */;
		};
/* End PBXTargetDependency section */

/* Begin XCBuildConfiguration section */
		7D60CAE729642BB000CE38A3 /* Debug */ = {
			isa = XCBuildConfiguration;
			buildSettings = {
				ALWAYS_SEARCH_USER_PATHS = NO;
				CLANG_ANALYZER_NONNULL = YES;
				CLANG_ANALYZER_NUMBER_OBJECT_CONVERSION = YES_AGGRESSIVE;
				CLANG_CXX_LANGUAGE_STANDARD = "gnu++20";
				CLANG_ENABLE_MODULES = YES;
				CLANG_ENABLE_OBJC_ARC = YES;
				CLANG_ENABLE_OBJC_WEAK = YES;
				CLANG_WARN_BLOCK_CAPTURE_AUTORELEASING = YES;
				CLANG_WARN_BOOL_CONVERSION = YES;
				CLANG_WARN_COMMA = YES;
				CLANG_WARN_CONSTANT_CONVERSION = YES;
				CLANG_WARN_DEPRECATED_OBJC_IMPLEMENTATIONS = YES;
				CLANG_WARN_DIRECT_OBJC_ISA_USAGE = YES_ERROR;
				CLANG_WARN_DOCUMENTATION_COMMENTS = YES;
				CLANG_WARN_EMPTY_BODY = YES;
				CLANG_WARN_ENUM_CONVERSION = YES;
				CLANG_WARN_INFINITE_RECURSION = YES;
				CLANG_WARN_INT_CONVERSION = YES;
				CLANG_WARN_NON_LITERAL_NULL_CONVERSION = YES;
				CLANG_WARN_OBJC_IMPLICIT_RETAIN_SELF = YES;
				CLANG_WARN_OBJC_LITERAL_CONVERSION = YES;
				CLANG_WARN_OBJC_ROOT_CLASS = YES_ERROR;
				CLANG_WARN_QUOTED_INCLUDE_IN_FRAMEWORK_HEADER = YES;
				CLANG_WARN_RANGE_LOOP_ANALYSIS = YES;
				CLANG_WARN_STRICT_PROTOTYPES = YES;
				CLANG_WARN_SUSPICIOUS_MOVE = YES;
				CLANG_WARN_UNGUARDED_AVAILABILITY = YES_AGGRESSIVE;
				CLANG_WARN_UNREACHABLE_CODE = YES;
				CLANG_WARN__DUPLICATE_METHOD_MATCH = YES;
				COPY_PHASE_STRIP = NO;
				DEBUG_INFORMATION_FORMAT = dwarf;
				ENABLE_STRICT_OBJC_MSGSEND = YES;
				ENABLE_TESTABILITY = YES;
				GCC_C_LANGUAGE_STANDARD = gnu11;
				GCC_DYNAMIC_NO_PIC = NO;
				GCC_NO_COMMON_BLOCKS = YES;
				GCC_OPTIMIZATION_LEVEL = 0;
				GCC_PREPROCESSOR_DEFINITIONS = (
					"DEBUG=1",
					"$(inherited)",
				);
				GCC_WARN_64_TO_32_BIT_CONVERSION = YES;
				GCC_WARN_ABOUT_RETURN_TYPE = YES_ERROR;
				GCC_WARN_UNDECLARED_SELECTOR = YES;
				GCC_WARN_UNINITIALIZED_AUTOS = YES_AGGRESSIVE;
				GCC_WARN_UNUSED_FUNCTION = YES;
				GCC_WARN_UNUSED_VARIABLE = YES;
				IPHONEOS_DEPLOYMENT_TARGET = 16.2;
				MTL_ENABLE_DEBUG_INFO = INCLUDE_SOURCE;
				MTL_FAST_MATH = YES;
				ONLY_ACTIVE_ARCH = YES;
				SDKROOT = iphoneos;
				SWIFT_ACTIVE_COMPILATION_CONDITIONS = DEBUG;
				SWIFT_OPTIMIZATION_LEVEL = "-Onone";
			};
			name = Debug;
		};
		7D60CAE829642BB000CE38A3 /* Release */ = {
			isa = XCBuildConfiguration;
			buildSettings = {
				ALWAYS_SEARCH_USER_PATHS = NO;
				CLANG_ANALYZER_NONNULL = YES;
				CLANG_ANALYZER_NUMBER_OBJECT_CONVERSION = YES_AGGRESSIVE;
				CLANG_CXX_LANGUAGE_STANDARD = "gnu++20";
				CLANG_ENABLE_MODULES = YES;
				CLANG_ENABLE_OBJC_ARC = YES;
				CLANG_ENABLE_OBJC_WEAK = YES;
				CLANG_WARN_BLOCK_CAPTURE_AUTORELEASING = YES;
				CLANG_WARN_BOOL_CONVERSION = YES;
				CLANG_WARN_COMMA = YES;
				CLANG_WARN_CONSTANT_CONVERSION = YES;
				CLANG_WARN_DEPRECATED_OBJC_IMPLEMENTATIONS = YES;
				CLANG_WARN_DIRECT_OBJC_ISA_USAGE = YES_ERROR;
				CLANG_WARN_DOCUMENTATION_COMMENTS = YES;
				CLANG_WARN_EMPTY_BODY = YES;
				CLANG_WARN_ENUM_CONVERSION = YES;
				CLANG_WARN_INFINITE_RECURSION = YES;
				CLANG_WARN_INT_CONVERSION = YES;
				CLANG_WARN_NON_LITERAL_NULL_CONVERSION = YES;
				CLANG_WARN_OBJC_IMPLICIT_RETAIN_SELF = YES;
				CLANG_WARN_OBJC_LITERAL_CONVERSION = YES;
				CLANG_WARN_OBJC_ROOT_CLASS = YES_ERROR;
				CLANG_WARN_QUOTED_INCLUDE_IN_FRAMEWORK_HEADER = YES;
				CLANG_WARN_RANGE_LOOP_ANALYSIS = YES;
				CLANG_WARN_STRICT_PROTOTYPES = YES;
				CLANG_WARN_SUSPICIOUS_MOVE = YES;
				CLANG_WARN_UNGUARDED_AVAILABILITY = YES_AGGRESSIVE;
				CLANG_WARN_UNREACHABLE_CODE = YES;
				CLANG_WARN__DUPLICATE_METHOD_MATCH = YES;
				COPY_PHASE_STRIP = NO;
				DEBUG_INFORMATION_FORMAT = "dwarf-with-dsym";
				ENABLE_NS_ASSERTIONS = NO;
				ENABLE_STRICT_OBJC_MSGSEND = YES;
				GCC_C_LANGUAGE_STANDARD = gnu11;
				GCC_NO_COMMON_BLOCKS = YES;
				GCC_WARN_64_TO_32_BIT_CONVERSION = YES;
				GCC_WARN_ABOUT_RETURN_TYPE = YES_ERROR;
				GCC_WARN_UNDECLARED_SELECTOR = YES;
				GCC_WARN_UNINITIALIZED_AUTOS = YES_AGGRESSIVE;
				GCC_WARN_UNUSED_FUNCTION = YES;
				GCC_WARN_UNUSED_VARIABLE = YES;
				IPHONEOS_DEPLOYMENT_TARGET = 16.2;
				MTL_ENABLE_DEBUG_INFO = NO;
				MTL_FAST_MATH = YES;
				SDKROOT = iphoneos;
				SWIFT_COMPILATION_MODE = wholemodule;
				SWIFT_OPTIMIZATION_LEVEL = "-O";
				VALIDATE_PRODUCT = YES;
			};
			name = Release;
		};
		7D60CAEA29642BB000CE38A3 /* Debug */ = {
			isa = XCBuildConfiguration;
			baseConfigurationReference = 1BC9EADD2CC90B567844FE39 /* Pods-prototypeapp.debug.xcconfig */;
			buildSettings = {
				ASSETCATALOG_COMPILER_APPICON_NAME = AppIcon;
				ASSETCATALOG_COMPILER_GLOBAL_ACCENT_COLOR_NAME = AccentColor;
				ASSETCATALOG_COMPILER_INCLUDE_ALL_APPICON_ASSETS = YES;
				CODE_SIGN_STYLE = Automatic;
				CURRENT_PROJECT_VERSION = 1;
				DEVELOPMENT_ASSET_PATHS = "\"prototypeapp/Content\"";
				DEVELOPMENT_TEAM = G72BPQSG2L;
				ENABLE_PREVIEWS = YES;
				GENERATE_INFOPLIST_FILE = YES;
				INFOPLIST_KEY_CFBundleDisplayName = prototypeApp;
				INFOPLIST_KEY_UIApplicationSceneManifest_Generation = YES;
				INFOPLIST_KEY_UIApplicationSupportsIndirectInputEvents = YES;
				INFOPLIST_KEY_UILaunchScreen_Generation = YES;
				INFOPLIST_KEY_UILaunchStoryboardName = LaunchScreen.storyboard;
				INFOPLIST_KEY_UISupportedInterfaceOrientations_iPad = "UIInterfaceOrientationPortrait UIInterfaceOrientationPortraitUpsideDown UIInterfaceOrientationLandscapeLeft UIInterfaceOrientationLandscapeRight";
				INFOPLIST_KEY_UISupportedInterfaceOrientations_iPhone = "UIInterfaceOrientationPortrait UIInterfaceOrientationLandscapeLeft UIInterfaceOrientationLandscapeRight";
				IPHONEOS_DEPLOYMENT_TARGET = 14.0;
				LD_RUNPATH_SEARCH_PATHS = (
					"$(inherited)",
					"@executable_path/Frameworks",
				);
				MARKETING_VERSION = 1.0;
				PRODUCT_BUNDLE_IDENTIFIER = senilaconstantin.prototypeapp;
				PRODUCT_NAME = "$(TARGET_NAME)";
				SWIFT_EMIT_LOC_STRINGS = YES;
				SWIFT_VERSION = 5.0;
				TARGETED_DEVICE_FAMILY = "1,2";
			};
			name = Debug;
		};
		7D60CAEB29642BB000CE38A3 /* Release */ = {
			isa = XCBuildConfiguration;
			baseConfigurationReference = 0CF4E9F498499D5F7B5BB970 /* Pods-prototypeapp.release.xcconfig */;
			buildSettings = {
				ASSETCATALOG_COMPILER_APPICON_NAME = AppIcon;
				ASSETCATALOG_COMPILER_GLOBAL_ACCENT_COLOR_NAME = AccentColor;
				ASSETCATALOG_COMPILER_INCLUDE_ALL_APPICON_ASSETS = YES;
				CODE_SIGN_STYLE = Automatic;
				CURRENT_PROJECT_VERSION = 1;
				DEVELOPMENT_ASSET_PATHS = "\"prototypeapp/Content\"";
				DEVELOPMENT_TEAM = G72BPQSG2L;
				ENABLE_PREVIEWS = YES;
				GENERATE_INFOPLIST_FILE = YES;
				INFOPLIST_KEY_CFBundleDisplayName = prototypeApp;
				INFOPLIST_KEY_UIApplicationSceneManifest_Generation = YES;
				INFOPLIST_KEY_UIApplicationSupportsIndirectInputEvents = YES;
				INFOPLIST_KEY_UILaunchScreen_Generation = YES;
				INFOPLIST_KEY_UILaunchStoryboardName = LaunchScreen.storyboard;
				INFOPLIST_KEY_UISupportedInterfaceOrientations_iPad = "UIInterfaceOrientationPortrait UIInterfaceOrientationPortraitUpsideDown UIInterfaceOrientationLandscapeLeft UIInterfaceOrientationLandscapeRight";
				INFOPLIST_KEY_UISupportedInterfaceOrientations_iPhone = "UIInterfaceOrientationPortrait UIInterfaceOrientationLandscapeLeft UIInterfaceOrientationLandscapeRight";
				IPHONEOS_DEPLOYMENT_TARGET = 14.0;
				LD_RUNPATH_SEARCH_PATHS = (
					"$(inherited)",
					"@executable_path/Frameworks",
				);
				MARKETING_VERSION = 1.0;
				PRODUCT_BUNDLE_IDENTIFIER = senilaconstantin.prototypeapp;
				PRODUCT_NAME = "$(TARGET_NAME)";
				SWIFT_EMIT_LOC_STRINGS = YES;
				SWIFT_VERSION = 5.0;
				TARGETED_DEVICE_FAMILY = "1,2";
			};
			name = Release;
		};
		7D60CAED29642BB000CE38A3 /* Debug */ = {
			isa = XCBuildConfiguration;
			baseConfigurationReference = 724286F624A848C83E010EAF /* Pods-prototypeappTests.debug.xcconfig */;
			buildSettings = {
				ALWAYS_EMBED_SWIFT_STANDARD_LIBRARIES = YES;
				BUNDLE_LOADER = "$(TEST_HOST)";
				CODE_SIGN_STYLE = Automatic;
				CURRENT_PROJECT_VERSION = 1;
				DEVELOPMENT_TEAM = 3ST4M2RDRJ;
				GENERATE_INFOPLIST_FILE = YES;
				IPHONEOS_DEPLOYMENT_TARGET = 15.0;
				MARKETING_VERSION = 1.0;
				PRODUCT_BUNDLE_IDENTIFIER = senilaconstantin.prototypeappTests;
				PRODUCT_NAME = "$(TARGET_NAME)";
				SWIFT_EMIT_LOC_STRINGS = NO;
				SWIFT_VERSION = 5.0;
				TARGETED_DEVICE_FAMILY = "1,2";
				TEST_HOST = "$(BUILT_PRODUCTS_DIR)/prototypeapp.app/$(BUNDLE_EXECUTABLE_FOLDER_PATH)/prototypeapp";
			};
			name = Debug;
		};
		7D60CAEE29642BB000CE38A3 /* Release */ = {
			isa = XCBuildConfiguration;
			baseConfigurationReference = 954C024F2BB4AE85F5C05709 /* Pods-prototypeappTests.release.xcconfig */;
			buildSettings = {
				ALWAYS_EMBED_SWIFT_STANDARD_LIBRARIES = YES;
				BUNDLE_LOADER = "$(TEST_HOST)";
				CODE_SIGN_STYLE = Automatic;
				CURRENT_PROJECT_VERSION = 1;
				DEVELOPMENT_TEAM = 3ST4M2RDRJ;
				GENERATE_INFOPLIST_FILE = YES;
				IPHONEOS_DEPLOYMENT_TARGET = 15.0;
				MARKETING_VERSION = 1.0;
				PRODUCT_BUNDLE_IDENTIFIER = senilaconstantin.prototypeappTests;
				PRODUCT_NAME = "$(TARGET_NAME)";
				SWIFT_EMIT_LOC_STRINGS = NO;
				SWIFT_VERSION = 5.0;
				TARGETED_DEVICE_FAMILY = "1,2";
				TEST_HOST = "$(BUILT_PRODUCTS_DIR)/prototypeapp.app/$(BUNDLE_EXECUTABLE_FOLDER_PATH)/prototypeapp";
			};
			name = Release;
		};
		7D60CAF029642BB000CE38A3 /* Debug */ = {
			isa = XCBuildConfiguration;
			baseConfigurationReference = 95F382B0B898AD4A4790F613 /* Pods-prototypeapp-prototypeappUITests.debug.xcconfig */;
			buildSettings = {
				ALWAYS_EMBED_SWIFT_STANDARD_LIBRARIES = YES;
				CODE_SIGN_STYLE = Automatic;
				CURRENT_PROJECT_VERSION = 1;
				DEVELOPMENT_TEAM = 3ST4M2RDRJ;
				GENERATE_INFOPLIST_FILE = YES;
				MARKETING_VERSION = 1.0;
				PRODUCT_BUNDLE_IDENTIFIER = senilaconstantin.prototypeappUITests;
				PRODUCT_NAME = "$(TARGET_NAME)";
				SWIFT_EMIT_LOC_STRINGS = NO;
				SWIFT_VERSION = 5.0;
				TARGETED_DEVICE_FAMILY = "1,2";
				TEST_TARGET_NAME = prototypeapp;
			};
			name = Debug;
		};
		7D60CAF129642BB000CE38A3 /* Release */ = {
			isa = XCBuildConfiguration;
			baseConfigurationReference = 9A2D54A6E7790ED99C77C9D4 /* Pods-prototypeapp-prototypeappUITests.release.xcconfig */;
			buildSettings = {
				ALWAYS_EMBED_SWIFT_STANDARD_LIBRARIES = YES;
				CODE_SIGN_STYLE = Automatic;
				CURRENT_PROJECT_VERSION = 1;
				DEVELOPMENT_TEAM = 3ST4M2RDRJ;
				GENERATE_INFOPLIST_FILE = YES;
				MARKETING_VERSION = 1.0;
				PRODUCT_BUNDLE_IDENTIFIER = senilaconstantin.prototypeappUITests;
				PRODUCT_NAME = "$(TARGET_NAME)";
				SWIFT_EMIT_LOC_STRINGS = NO;
				SWIFT_VERSION = 5.0;
				TARGETED_DEVICE_FAMILY = "1,2";
				TEST_TARGET_NAME = prototypeapp;
			};
			name = Release;
		};
/* End XCBuildConfiguration section */

/* Begin XCConfigurationList section */
		7D60CAC029642BAF00CE38A3 /* Build configuration list for PBXProject "prototypeapp" */ = {
			isa = XCConfigurationList;
			buildConfigurations = (
				7D60CAE729642BB000CE38A3 /* Debug */,
				7D60CAE829642BB000CE38A3 /* Release */,
			);
			defaultConfigurationIsVisible = 0;
			defaultConfigurationName = Release;
		};
		7D60CAE929642BB000CE38A3 /* Build configuration list for PBXNativeTarget "prototypeapp" */ = {
			isa = XCConfigurationList;
			buildConfigurations = (
				7D60CAEA29642BB000CE38A3 /* Debug */,
				7D60CAEB29642BB000CE38A3 /* Release */,
			);
			defaultConfigurationIsVisible = 0;
			defaultConfigurationName = Release;
		};
		7D60CAEC29642BB000CE38A3 /* Build configuration list for PBXNativeTarget "prototypeappTests" */ = {
			isa = XCConfigurationList;
			buildConfigurations = (
				7D60CAED29642BB000CE38A3 /* Debug */,
				7D60CAEE29642BB000CE38A3 /* Release */,
			);
			defaultConfigurationIsVisible = 0;
			defaultConfigurationName = Release;
		};
		7D60CAEF29642BB000CE38A3 /* Build configuration list for PBXNativeTarget "prototypeappUITests" */ = {
			isa = XCConfigurationList;
			buildConfigurations = (
				7D60CAF029642BB000CE38A3 /* Debug */,
				7D60CAF129642BB000CE38A3 /* Release */,
			);
			defaultConfigurationIsVisible = 0;
			defaultConfigurationName = Release;
		};
/* End XCConfigurationList section */
	};
	rootObject = 7D60CABD29642BAF00CE38A3 /* Project object */;
}
